<?xml version="1.0" encoding="utf-8"?>
<Project ToolsVersion="4.0" xmlns="http://schemas.microsoft.com/developer/msbuild/2003">
  <ItemGroup>
    <Filter Include="Source Files">
      <UniqueIdentifier>{4FC737F1-C7A5-4376-A066-2A32D752A2FF}</UniqueIdentifier>
      <Extensions>cpp;c;cc;cxx;def;odl;idl;hpj;bat;asm;asmx</Extensions>
    </Filter>
    <Filter Include="Header Files">
      <UniqueIdentifier>{93995380-89BD-4b04-88EB-625FBE52EBFB}</UniqueIdentifier>
      <Extensions>h;hh;hpp;hxx;hm;inl;inc;ipp;xsd</Extensions>
    </Filter>
    <Filter Include="Resource Files">
      <UniqueIdentifier>{67DA6AB6-F800-4c08-8B7A-83BB121AAD01}</UniqueIdentifier>
      <Extensions>rc;ico;cur;bmp;dlg;rc2;rct;bin;rgs;gif;jpg;jpeg;jpe;resx;tiff;tif;png;wav;mfcribbon-ms</Extensions>
    </Filter>
    <Filter Include="gwcrypt">
      <UniqueIdentifier>{583bc7fe-2b46-460e-a4f6-6f2f9ac8892b}</UniqueIdentifier>
    </Filter>
    <Filter Include="gwsocket">
      <UniqueIdentifier>{f4faeafc-b4cf-4da4-958c-ae81a9207d93}</UniqueIdentifier>
    </Filter>
    <Filter Include="gwfunction">
      <UniqueIdentifier>{e689e89b-b2f4-4d3d-afa5-62065f73fc49}</UniqueIdentifier>
    </Filter>
  </ItemGroup>
  <ItemGroup>
    <ClCompile Include="Godswar_Server.cpp">
      <Filter>Source Files</Filter>
    </ClCompile>
    <ClCompile Include="gwcrypt.cpp">
      <Filter>gwcrypt</Filter>
    </ClCompile>
    <ClCompile Include="gwsocket.cpp">
      <Filter>gwsocket</Filter>
    </ClCompile>
    <ClCompile Include="gwfunction.cpp">
      <Filter>gwfunction</Filter>
    </ClCompile>
  </ItemGroup>
  <ItemGroup>
    <ClInclude Include="gwcrypt.h">
      <Filter>gwcrypt</Filter>
    </ClInclude>
    <ClInclude Include="gwsocket.h">
      <Filter>gwsocket</Filter>
    </ClInclude>
    <ClInclude Include="gwfunction.h">
      <Filter>gwfunction</Filter>
    </ClInclude>
  </ItemGroup>
</Project>